
Microsoft Visual Studio Solution File, Format Version 12.00
# Visual Studio 15
VisualStudioVersion = 15.0.27004.2006
MinimumVisualStudioVersion = 10.0.40219.1
Project("{FAE04EC0-301F-11D3-BF4B-00C04F79EFBC}") = "HW1912", "HW1912\HW1912.csproj", "{3E413863-5FE6-4664-AC3A-9D920C1F2DFD}"
EndProject
Project("{FAE04EC0-301F-11D3-BF4B-00C04F79EFBC}") = "Stam", "Stam\Stam.csproj", "{A374B315-CAC4-48FC-A194-2D6974FD0201}"
EndProject
Global
	GlobalSection(SolutionConfigurationPlatforms) = preSolution
		Debug|Any CPU = Debug|Any CPU
		Release|Any CPU = Release|Any CPU
	EndGlobalSection
	GlobalSection(ProjectConfigurationPlatforms) = postSolution
		{3E413863-5FE6-4664-AC3A-9D920C1F2DFD}.Debug|Any CPU.ActiveCfg = Debug|Any CPU
		{3E413863-5FE6-4664-AC3A-9D920C1F2DFD}.Debug|Any CPU.Build.0 = Debug|Any CPU
		{3E413863-5FE6-4664-AC3A-9D920C1F2DFD}.Release|Any CPU.ActiveCfg = Release|Any CPU
		{3E413863-5FE6-4664-AC3A-9D920C1F2DFD}.Release|Any CPU.Build.0 = Release|Any CPU
		{A374B315-CAC4-48FC-A194-2D6974FD0201}.Debug|Any CPU.ActiveCfg = Debug|Any CPU
		{A374B315-CAC4-48FC-A194-2D6974FD0201}.Debug|Any CPU.Build.0 = Debug|Any CPU
		{A374B315-CAC4-48FC-A194-2D6974FD0201}.Release|Any CPU.ActiveCfg = Release|Any CPU
		{A374B315-CAC4-48FC-A194-2D6974FD0201}.Release|Any CPU.Build.0 = Release|Any CPU
	EndGlobalSection
	GlobalSection(SolutionProperties) = preSolution
		HideSolutionNode = FALSE
	EndGlobalSection
	GlobalSection(ExtensibilityGlobals) = postSolution
		SolutionGuid = {60E5523E-DC01-47CD-BB9F-FCE92932ADA3}
	EndGlobalSection
EndGlobal
